
Microsoft Visual Studio Solution File, Format Version 9.00
# Visual Studio 2005
Project("{F184B08F-C81C-45F6-A57F-5ABD9991F28F}") = "Modbus_RTU_master", "Modbus_RTU_master\Modbus_RTU_master.vbproj", "{3E2E570A-2D1E-48BE-9FC3-CF102D5B6B98}"
EndProject
Global
	GlobalSection(SolutionConfigurationPlatforms) = preSolution
		Debug|Any CPU = Debug|Any CPU
		Release|Any CPU = Release|Any CPU
	EndGlobalSection
	GlobalSection(ProjectConfigurationPlatforms) = postSolution
		{3E2E570A-2D1E-48BE-9FC3-CF102D5B6B98}.Debug|Any CPU.ActiveCfg = Debug|Any CPU
		{3E2E570A-2D1E-48BE-9FC3-CF102D5B6B98}.Debug|Any CPU.Build.0 = Debug|Any CPU
		{3E2E570A-2D1E-48BE-9FC3-CF102D5B6B98}.Release|Any CPU.ActiveCfg = Release|Any CPU
		{3E2E570A-2D1E-48BE-9FC3-CF102D5B6B98}.Release|Any CPU.Build.0 = Release|Any CPU
	EndGlobalSection
	GlobalSection(SolutionProperties) = preSolution
		HideSolutionNode = FALSE
	EndGlobalSection
EndGlobal
